
Microsoft Visual Studio Solution File, Format Version 12.00
# Visual Studio 15
VisualStudioVersion = 15.0.28010.2019
MinimumVisualStudioVersion = 10.0.40219.1
Project("{FAE04EC0-301F-11D3-BF4B-00C04F79EFBC}") = "FireBaseDataPusher", "FireBaseDataPusher\FireBaseDataPusher.csproj", "{813D34B5-AFB1-415E-9239-77F3EE22D487}"
EndProject
Global
	GlobalSection(SolutionConfigurationPlatforms) = preSolution
		Debug|Any CPU = Debug|Any CPU
		Release|Any CPU = Release|Any CPU
	EndGlobalSection
	GlobalSection(ProjectConfigurationPlatforms) = postSolution
		{813D34B5-AFB1-415E-9239-77F3EE22D487}.Debug|Any CPU.ActiveCfg = Debug|Any CPU
		{813D34B5-AFB1-415E-9239-77F3EE22D487}.Debug|Any CPU.Build.0 = Debug|Any CPU
		{813D34B5-AFB1-415E-9239-77F3EE22D487}.Release|Any CPU.ActiveCfg = Release|Any CPU
		{813D34B5-AFB1-415E-9239-77F3EE22D487}.Release|Any CPU.Build.0 = Release|Any CPU
	EndGlobalSection
	GlobalSection(SolutionProperties) = preSolution
		HideSolutionNode = FALSE
	EndGlobalSection
	GlobalSection(ExtensibilityGlobals) = postSolution
		SolutionGuid = {54CD374E-34F9-421C-B411-87706F28A2BE}
	EndGlobalSection
EndGlobal
